
Microsoft Visual Studio Solution File, Format Version 12.00
# Visual Studio Version 17
VisualStudioVersion = 17.4.33122.133
MinimumVisualStudioVersion = 10.0.40219.1
Project("{FAE04EC0-301F-11D3-BF4B-00C04F79EFBC}") = "WebApplication1", "WebApplication1.csproj", "{A7051DF4-100D-4E73-925C-7C688F061EB3}"
EndProject
Global
	GlobalSection(SolutionConfigurationPlatforms) = preSolution
		Debug|Any CPU = Debug|Any CPU
		Release|Any CPU = Release|Any CPU
	EndGlobalSection
	GlobalSection(ProjectConfigurationPlatforms) = postSolution
		{A7051DF4-100D-4E73-925C-7C688F061EB3}.Debug|Any CPU.ActiveCfg = Debug|Any CPU
		{A7051DF4-100D-4E73-925C-7C688F061EB3}.Debug|Any CPU.Build.0 = Debug|Any CPU
		{A7051DF4-100D-4E73-925C-7C688F061EB3}.Release|Any CPU.ActiveCfg = Release|Any CPU
		{A7051DF4-100D-4E73-925C-7C688F061EB3}.Release|Any CPU.Build.0 = Release|Any CPU
	EndGlobalSection
	GlobalSection(SolutionProperties) = preSolution
		HideSolutionNode = FALSE
	EndGlobalSection
	GlobalSection(ExtensibilityGlobals) = postSolution
		SolutionGuid = {5CBEDEA9-9542-4B0B-AAA9-F92D31C2E924}
	EndGlobalSection
EndGlobal
